{
  "name": "virtual-coin-exchange",
  "version": "1.0.0",
  "lockfileVersion": 1,
  "requires": true,
  "dependencies": {
    "sass": {
      "version": "1.1.1",
      "resolved": "https://registry.npmjs.org/sass/-/sass-1.1.1.tgz",
      "integrity": "sha512-vYtJx3bSvcYy2INuvwu1WWg8zaQrg7+wTM0/bOdwf6MrX/hVp2doZvXHIYJYPVlMonKvv+5gotLCNgdBlQWz9g=="
    }
  }
}
